
Microsoft Visual Studio Solution File, Format Version 12.00
# Visual Studio Version 16
VisualStudioVersion = 16.0.31624.102
MinimumVisualStudioVersion = 10.0.40219.1
Project("{FAE04EC0-301F-11D3-BF4B-00C04F79EFBC}") = "UnaryOperator", "UnaryOperator\UnaryOperator.csproj", "{0CEB23E1-4CF1-4039-ACB6-11B73DFF0169}"
EndProject
Global
	GlobalSection(SolutionConfigurationPlatforms) = preSolution
		Debug|Any CPU = Debug|Any CPU
		Release|Any CPU = Release|Any CPU
	EndGlobalSection
	GlobalSection(ProjectConfigurationPlatforms) = postSolution
		{0CEB23E1-4CF1-4039-ACB6-11B73DFF0169}.Debug|Any CPU.ActiveCfg = Debug|Any CPU
		{0CEB23E1-4CF1-4039-ACB6-11B73DFF0169}.Debug|Any CPU.Build.0 = Debug|Any CPU
		{0CEB23E1-4CF1-4039-ACB6-11B73DFF0169}.Release|Any CPU.ActiveCfg = Release|Any CPU
		{0CEB23E1-4CF1-4039-ACB6-11B73DFF0169}.Release|Any CPU.Build.0 = Release|Any CPU
	EndGlobalSection
	GlobalSection(SolutionProperties) = preSolution
		HideSolutionNode = FALSE
	EndGlobalSection
	GlobalSection(ExtensibilityGlobals) = postSolution
		SolutionGuid = {FBEEBFF0-49BF-4C4D-B21F-1D06B0BD5731}
	EndGlobalSection
EndGlobal
